
Microsoft Visual Studio Solution File, Format Version 12.00
# Visual Studio Version 16
VisualStudioVersion = 16.0.30611.23
MinimumVisualStudioVersion = 10.0.40219.1
Project("{FAE04EC0-301F-11D3-BF4B-00C04F79EFBC}") = "Blue Ward", "Blue Ward.csproj", "{EEE9B95F-5787-4BAA-B4B2-85A14FD50E00}"
EndProject
Global
	GlobalSection(SolutionConfigurationPlatforms) = preSolution
		Debug|Any CPU = Debug|Any CPU
		Release|Any CPU = Release|Any CPU
	EndGlobalSection
	GlobalSection(ProjectConfigurationPlatforms) = postSolution
		{EEE9B95F-5787-4BAA-B4B2-85A14FD50E00}.Debug|Any CPU.ActiveCfg = Debug|Any CPU
		{EEE9B95F-5787-4BAA-B4B2-85A14FD50E00}.Debug|Any CPU.Build.0 = Debug|Any CPU
		{EEE9B95F-5787-4BAA-B4B2-85A14FD50E00}.Release|Any CPU.ActiveCfg = Release|Any CPU
		{EEE9B95F-5787-4BAA-B4B2-85A14FD50E00}.Release|Any CPU.Build.0 = Release|Any CPU
	EndGlobalSection
	GlobalSection(SolutionProperties) = preSolution
		HideSolutionNode = FALSE
	EndGlobalSection
	GlobalSection(ExtensibilityGlobals) = postSolution
		SolutionGuid = {846441A8-9DA3-4C20-8A20-ADA0D91F7E4B}
	EndGlobalSection
EndGlobal
